
Microsoft Visual Studio Solution File, Format Version 12.00
# Visual Studio Version 17
VisualStudioVersion = 17.14.36109.1
MinimumVisualStudioVersion = 10.0.40219.1
Project("{FAE04EC0-301F-11D3-BF4B-00C04F79EFBC}") = "CheapAvaloniaBlazor", "CheapAvaloniaBlazor.csproj", "{BB492C9B-DEDC-4B82-BE4B-371BC850C25F}"
EndProject
Project("{2150E333-8FDC-42A3-9474-1A3956D46DE8}") = "samples", "samples", "{5D20AA90-6969-D8BD-9DCD-8634F4692FDA}"
EndProject
Project("{FAE04EC0-301F-11D3-BF4B-00C04F79EFBC}") = "MinimalApp", "samples\MinimalApp\MinimalApp.csproj", "{792F2937-BC83-42F4-82EB-FB8B33BB9EA9}"
EndProject
Project("{FAE04EC0-301F-11D3-BF4B-00C04F79EFBC}") = "DesktopFeatures", "samples\DesktopFeatures\DesktopFeatures.csproj", "{51E82A6B-80C7-4042-8AAE-A9DF0F4D0D6C}"
EndProject
Global
	GlobalSection(SolutionConfigurationPlatforms) = preSolution
		Debug|Any CPU = Debug|Any CPU
		Debug|x64 = Debug|x64
		Debug|x86 = Debug|x86
		Release|Any CPU = Release|Any CPU
		Release|x64 = Release|x64
		Release|x86 = Release|x86
	EndGlobalSection
	GlobalSection(ProjectConfigurationPlatforms) = postSolution
		{BB492C9B-DEDC-4B82-BE4B-371BC850C25F}.Debug|Any CPU.ActiveCfg = Debug|Any CPU
		{BB492C9B-DEDC-4B82-BE4B-371BC850C25F}.Debug|Any CPU.Build.0 = Debug|Any CPU
		{BB492C9B-DEDC-4B82-BE4B-371BC850C25F}.Debug|x64.ActiveCfg = Debug|Any CPU
		{BB492C9B-DEDC-4B82-BE4B-371BC850C25F}.Debug|x64.Build.0 = Debug|Any CPU
		{BB492C9B-DEDC-4B82-BE4B-371BC850C25F}.Debug|x86.ActiveCfg = Debug|Any CPU
		{BB492C9B-DEDC-4B82-BE4B-371BC850C25F}.Debug|x86.Build.0 = Debug|Any CPU
		{BB492C9B-DEDC-4B82-BE4B-371BC850C25F}.Release|Any CPU.ActiveCfg = Release|Any CPU
		{BB492C9B-DEDC-4B82-BE4B-371BC850C25F}.Release|Any CPU.Build.0 = Release|Any CPU
		{BB492C9B-DEDC-4B82-BE4B-371BC850C25F}.Release|x64.ActiveCfg = Release|Any CPU
		{BB492C9B-DEDC-4B82-BE4B-371BC850C25F}.Release|x64.Build.0 = Release|Any CPU
		{BB492C9B-DEDC-4B82-BE4B-371BC850C25F}.Release|x86.ActiveCfg = Release|Any CPU
		{BB492C9B-DEDC-4B82-BE4B-371BC850C25F}.Release|x86.Build.0 = Release|Any CPU
		{792F2937-BC83-42F4-82EB-FB8B33BB9EA9}.Debug|Any CPU.ActiveCfg = Debug|Any CPU
		{792F2937-BC83-42F4-82EB-FB8B33BB9EA9}.Debug|Any CPU.Build.0 = Debug|Any CPU
		{792F2937-BC83-42F4-82EB-FB8B33BB9EA9}.Debug|x64.ActiveCfg = Debug|Any CPU
		{792F2937-BC83-42F4-82EB-FB8B33BB9EA9}.Debug|x64.Build.0 = Debug|Any CPU
		{792F2937-BC83-42F4-82EB-FB8B33BB9EA9}.Debug|x86.ActiveCfg = Debug|Any CPU
		{792F2937-BC83-42F4-82EB-FB8B33BB9EA9}.Debug|x86.Build.0 = Debug|Any CPU
		{792F2937-BC83-42F4-82EB-FB8B33BB9EA9}.Release|Any CPU.ActiveCfg = Release|Any CPU
		{792F2937-BC83-42F4-82EB-FB8B33BB9EA9}.Release|Any CPU.Build.0 = Release|Any CPU
		{792F2937-BC83-42F4-82EB-FB8B33BB9EA9}.Release|x64.ActiveCfg = Release|Any CPU
		{792F2937-BC83-42F4-82EB-FB8B33BB9EA9}.Release|x64.Build.0 = Release|Any CPU
		{792F2937-BC83-42F4-82EB-FB8B33BB9EA9}.Release|x86.ActiveCfg = Release|Any CPU
		{792F2937-BC83-42F4-82EB-FB8B33BB9EA9}.Release|x86.Build.0 = Release|Any CPU
		{51E82A6B-80C7-4042-8AAE-A9DF0F4D0D6C}.Debug|Any CPU.ActiveCfg = Debug|Any CPU
		{51E82A6B-80C7-4042-8AAE-A9DF0F4D0D6C}.Debug|Any CPU.Build.0 = Debug|Any CPU
		{51E82A6B-80C7-4042-8AAE-A9DF0F4D0D6C}.Debug|x64.ActiveCfg = Debug|Any CPU
		{51E82A6B-80C7-4042-8AAE-A9DF0F4D0D6C}.Debug|x64.Build.0 = Debug|Any CPU
		{51E82A6B-80C7-4042-8AAE-A9DF0F4D0D6C}.Debug|x86.ActiveCfg = Debug|Any CPU
		{51E82A6B-80C7-4042-8AAE-A9DF0F4D0D6C}.Debug|x86.Build.0 = Debug|Any CPU
		{51E82A6B-80C7-4042-8AAE-A9DF0F4D0D6C}.Release|Any CPU.ActiveCfg = Release|Any CPU
		{51E82A6B-80C7-4042-8AAE-A9DF0F4D0D6C}.Release|Any CPU.Build.0 = Release|Any CPU
		{51E82A6B-80C7-4042-8AAE-A9DF0F4D0D6C}.Release|x64.ActiveCfg = Release|Any CPU
		{51E82A6B-80C7-4042-8AAE-A9DF0F4D0D6C}.Release|x64.Build.0 = Release|Any CPU
		{51E82A6B-80C7-4042-8AAE-A9DF0F4D0D6C}.Release|x86.ActiveCfg = Release|Any CPU
		{51E82A6B-80C7-4042-8AAE-A9DF0F4D0D6C}.Release|x86.Build.0 = Release|Any CPU
	EndGlobalSection
	GlobalSection(SolutionProperties) = preSolution
		HideSolutionNode = FALSE
	EndGlobalSection
	GlobalSection(NestedProjects) = preSolution
		{792F2937-BC83-42F4-82EB-FB8B33BB9EA9} = {5D20AA90-6969-D8BD-9DCD-8634F4692FDA}
		{51E82A6B-80C7-4042-8AAE-A9DF0F4D0D6C} = {5D20AA90-6969-D8BD-9DCD-8634F4692FDA}
	EndGlobalSection
	GlobalSection(ExtensibilityGlobals) = postSolution
		SolutionGuid = {214D1615-AB89-415D-A2CD-1B4F43B88583}
	EndGlobalSection
EndGlobal
